
Microsoft Visual Studio Solution File, Format Version 12.00
Project("{FAE04EC0-301F-11D3-BF4B-00C04F79EFBC}") = "ExamPapers.API.Server", "ExamPapers.API.Server\ExamPapers.API.Server.csproj", "{E33746F4-BB30-454A-8EC0-760CDA963119}"
EndProject
Project("{FAE04EC0-301F-11D3-BF4B-00C04F79EFBC}") = "ExamPapers.Database.ORM", "ExamPapers.Database.ORM\ExamPapers.Database.ORM.csproj", "{52201F11-A999-4648-AC34-3962D64679C9}"
EndProject
Project("{FAE04EC0-301F-11D3-BF4B-00C04F79EFBC}") = "ExamPapers.API.Entity", "ExamPapers.API.Entity\ExamPapers.API.Entity.csproj", "{611D4927-E0B9-4C7A-A9B3-D16964B13452}"
EndProject
Project("{FAE04EC0-301F-11D3-BF4B-00C04F79EFBC}") = "ExamPapers.API.Client", "ExamPapers.API.Client\ExamPapers.API.Client.csproj", "{36EA12CA-D768-478C-9BE6-BA88397C810F}"
EndProject
Project("{FAE04EC0-301F-11D3-BF4B-00C04F79EFBC}") = "ExamPapers.Application.Desktop", "ExamPapers.Application.Desktop\ExamPapers.Application.Desktop.csproj", "{AEF53E86-46B1-44FB-B9FB-8DE9E1EB2990}"
EndProject
Global
	GlobalSection(SolutionConfigurationPlatforms) = preSolution
		Debug|Any CPU = Debug|Any CPU
		Release|Any CPU = Release|Any CPU
	EndGlobalSection
	GlobalSection(ProjectConfigurationPlatforms) = postSolution
		{E33746F4-BB30-454A-8EC0-760CDA963119}.Debug|Any CPU.ActiveCfg = Debug|Any CPU
		{E33746F4-BB30-454A-8EC0-760CDA963119}.Debug|Any CPU.Build.0 = Debug|Any CPU
		{E33746F4-BB30-454A-8EC0-760CDA963119}.Release|Any CPU.ActiveCfg = Release|Any CPU
		{E33746F4-BB30-454A-8EC0-760CDA963119}.Release|Any CPU.Build.0 = Release|Any CPU
		{52201F11-A999-4648-AC34-3962D64679C9}.Debug|Any CPU.ActiveCfg = Debug|Any CPU
		{52201F11-A999-4648-AC34-3962D64679C9}.Debug|Any CPU.Build.0 = Debug|Any CPU
		{52201F11-A999-4648-AC34-3962D64679C9}.Release|Any CPU.ActiveCfg = Release|Any CPU
		{52201F11-A999-4648-AC34-3962D64679C9}.Release|Any CPU.Build.0 = Release|Any CPU
		{611D4927-E0B9-4C7A-A9B3-D16964B13452}.Debug|Any CPU.ActiveCfg = Debug|Any CPU
		{611D4927-E0B9-4C7A-A9B3-D16964B13452}.Debug|Any CPU.Build.0 = Debug|Any CPU
		{611D4927-E0B9-4C7A-A9B3-D16964B13452}.Release|Any CPU.ActiveCfg = Release|Any CPU
		{611D4927-E0B9-4C7A-A9B3-D16964B13452}.Release|Any CPU.Build.0 = Release|Any CPU
		{36EA12CA-D768-478C-9BE6-BA88397C810F}.Debug|Any CPU.ActiveCfg = Debug|Any CPU
		{36EA12CA-D768-478C-9BE6-BA88397C810F}.Debug|Any CPU.Build.0 = Debug|Any CPU
		{36EA12CA-D768-478C-9BE6-BA88397C810F}.Release|Any CPU.ActiveCfg = Release|Any CPU
		{36EA12CA-D768-478C-9BE6-BA88397C810F}.Release|Any CPU.Build.0 = Release|Any CPU
		{AEF53E86-46B1-44FB-B9FB-8DE9E1EB2990}.Debug|Any CPU.ActiveCfg = Debug|Any CPU
		{AEF53E86-46B1-44FB-B9FB-8DE9E1EB2990}.Debug|Any CPU.Build.0 = Debug|Any CPU
		{AEF53E86-46B1-44FB-B9FB-8DE9E1EB2990}.Release|Any CPU.ActiveCfg = Release|Any CPU
		{AEF53E86-46B1-44FB-B9FB-8DE9E1EB2990}.Release|Any CPU.Build.0 = Release|Any CPU
	EndGlobalSection
EndGlobal
